
Microsoft Visual Studio Solution File, Format Version 12.00
# Visual Studio Version 16
VisualStudioVersion = 16.0.30503.244
MinimumVisualStudioVersion = 10.0.40219.1
Project("{FAE04EC0-301F-11D3-BF4B-00C04F79EFBC}") = "OborudDataBase", "OborudDataBase\OborudDataBase.csproj", "{A15E38A5-D691-4B52-B335-B6C69104403B}"
EndProject
Global
	GlobalSection(SolutionConfigurationPlatforms) = preSolution
		Debug|Any CPU = Debug|Any CPU
		Release|Any CPU = Release|Any CPU
	EndGlobalSection
	GlobalSection(ProjectConfigurationPlatforms) = postSolution
		{A15E38A5-D691-4B52-B335-B6C69104403B}.Debug|Any CPU.ActiveCfg = Debug|Any CPU
		{A15E38A5-D691-4B52-B335-B6C69104403B}.Debug|Any CPU.Build.0 = Debug|Any CPU
		{A15E38A5-D691-4B52-B335-B6C69104403B}.Release|Any CPU.ActiveCfg = Release|Any CPU
		{A15E38A5-D691-4B52-B335-B6C69104403B}.Release|Any CPU.Build.0 = Release|Any CPU
	EndGlobalSection
	GlobalSection(SolutionProperties) = preSolution
		HideSolutionNode = FALSE
	EndGlobalSection
	GlobalSection(ExtensibilityGlobals) = postSolution
		SolutionGuid = {18DA0CE4-2BA5-4656-9B7E-127E4358FF1F}
	EndGlobalSection
EndGlobal
